{
    "_meta": {
        "hash": {
            "sha256": "f1b46863151975835c9bce71de91aa0a1d1c47ae035a5408a83f531616b26901"
        },
        "pipfile-spec": 6,
        "requires": {
            "python_version": "3.6"
        },
        "sources": [
            {
                "name": "pypi",
                "url": "https://pypi.python.org/simple",
                "verify_ssl": true
            }
        ]
    },
    "default": {
        "arcade": {
            "hashes": [
                "sha256:e2c82b49c5238fb3ed2461ac90123f7dbbde6cfec441f78b9c040f550a3d3950"
            ],
            "index": "pypi",
            "version": "==2.0.0"
        },
        "future": {
            "hashes": [
                "sha256:b1bead90b70cf6ec3f0710ae53a525360fa360d306a86583adc6bf83a4db537d"
            ],
            "version": "==0.18.2"
        },
        "json-tricks": {
            "hashes": [
                "sha256:20959c1072f884e9f3d763589c803588cc8766e70d4b7f08529421f196afdd10"
            ],
            "index": "pypi",
            "version": "==3.13.0"
        },
        "numpy": {
            "hashes": [
                "sha256:1980f8d84548d74921685f68096911585fee393975f53797614b34d4f409b6da",
                "sha256:22752cd809272671b273bb86df0f505f505a12368a3a5fc0aa811c7ece4dfd5c",
                "sha256:23cc40313036cffd5d1873ef3ce2e949bdee0646c5d6f375bf7ee4f368db2511",
                "sha256:2b0b118ff547fecabc247a2668f48f48b3b1f7d63676ebc5be7352a5fd9e85a5",
                "sha256:3a0bd1edf64f6a911427b608a894111f9fcdb25284f724016f34a84c9a3a6ea9",
                "sha256:3f25f6c7b0d000017e5ac55977a3999b0b1a74491eacb3c1aa716f0e01f6dcd1",
                "sha256:4061c79ac2230594a7419151028e808239450e676c39e58302ad296232e3c2e8",
                "sha256:560ceaa24f971ab37dede7ba030fc5d8fa173305d94365f814d9523ffd5d5916",
                "sha256:62be044cd58da2a947b7e7b2252a10b42920df9520fc3d39f5c4c70d5460b8ba",
                "sha256:6c692e3879dde0b67a9dc78f9bfb6f61c666b4562fd8619632d7043fb5b691b0",
                "sha256:6f65e37b5a331df950ef6ff03bd4136b3c0bbcf44d4b8e99135d68a537711b5a",
                "sha256:7a78cc4ddb253a55971115f8320a7ce28fd23a065fc33166d601f51760eecfa9",
                "sha256:80a41edf64a3626e729a62df7dd278474fc1726836552b67a8c6396fd7e86760",
                "sha256:893f4d75255f25a7b8516feb5766c6b63c54780323b9bd4bc51cdd7efc943c73",
                "sha256:972ea92f9c1b54cc1c1a3d8508e326c0114aaf0f34996772a30f3f52b73b942f",
                "sha256:9f1d4865436f794accdabadc57a8395bd3faa755449b4f65b88b7df65ae05f89",
                "sha256:9f4cd7832b35e736b739be03b55875706c8c3e5fe334a06210f1a61e5c2c8ca5",
                "sha256:adab43bf657488300d3aeeb8030d7f024fcc86e3a9b8848741ea2ea903e56610",
                "sha256:bd2834d496ba9b1bdda3a6cf3de4dc0d4a0e7be306335940402ec95132ad063d",
                "sha256:d20c0360940f30003a23c0adae2fe50a0a04f3e48dc05c298493b51fd6280197",
                "sha256:d3b3ed87061d2314ff3659bb73896e622252da52558f2380f12c421fbdee3d89",
                "sha256:dc235bf29a406dfda5790d01b998a1c01d7d37f449128c0b1b7d1c89a84fae8b",
                "sha256:fb3c83554f39f48f3fa3123b9c24aecf681b1c289f9334f8215c1d3c8e2f6e5b"
            ],
            "index": "pypi",
            "version": "==1.16.2"
        },
        "pillow": {
            "hashes": [
                "sha256:047d9473cf68af50ac85f8ee5d5f21a60f849bc17d348da7fc85711287a75031",
                "sha256:0f66dc6c8a3cc319561a633b6aa82c44107f12594643efa37210d8c924fc1c71",
                "sha256:12c9169c4e8fe0a7329e8658c7e488001f6b4c8e88740e76292c2b857af2e94c",
                "sha256:248cffc168896982f125f5c13e9317c059f74fffdb4152893339f3be62a01340",
                "sha256:27faf0552bf8c260a5cee21a76e031acaea68babb64daf7e8f2e2540745082aa",
                "sha256:285edafad9bc60d96978ed24d77cdc0b91dace88e5da8c548ba5937c425bca8b",
                "sha256:384b12c9aa8ef95558abdcb50aada56d74bc7cc131dd62d28c2d0e4d3aadd573",
                "sha256:38950b3a707f6cef09cd3cbb142474357ad1a985ceb44d921bdf7b4647b3e13e",
                "sha256:4aad1b88933fd6dc2846552b89ad0c74ddbba2f0884e2c162aa368374bf5abab",
                "sha256:4ac6148008c169603070c092e81f88738f1a0c511e07bd2bb0f9ef542d375da9",
                "sha256:4deb1d2a45861ae6f0b12ea0a786a03d19d29edcc7e05775b85ec2877cb54c5e",
                "sha256:59aa2c124df72cc75ed72c8d6005c442d4685691a30c55321e00ed915ad1a291",
                "sha256:5a47d2123a9ec86660fe0e8d0ebf0aa6bc6a17edc63f338b73ea20ba11713f12",
                "sha256:5cc901c2ab9409b4b7ac7b5bcc3e86ac14548627062463da0af3b6b7c555a871",
                "sha256:6c1db03e8dff7b9f955a0fb9907eb9ca5da75b5ce056c0c93d33100a35050281",
                "sha256:7ce80c0a65a6ea90ef9c1f63c8593fcd2929448613fc8da0adf3e6bfad669d08",
                "sha256:809c19241c14433c5d6135e1b6c72da4e3b56d5c865ad5736ab99af8896b8f41",
                "sha256:83792cb4e0b5af480588601467c0764242b9a483caea71ef12d22a0d0d6bdce2",
                "sha256:846fa202bd7ee0f6215c897a1d33238ef071b50766339186687bd9b7a6d26ac5",
                "sha256:9f5529fc02009f96ba95bea48870173426879dc19eec49ca8e08cd63ecd82ddb",
                "sha256:a423c2ea001c6265ed28700df056f75e26215fd28c001e93ef4380b0f05f9547",
                "sha256:ac4428094b42907aba5879c7c000d01c8278d451a3b7cccd2103e21f6397ea75",
                "sha256:b1ae48d87f10d1384e5beecd169c77502fcc04a2c00a4c02b85f0a94b419e5f9",
                "sha256:bf4e972a88f8841d8fdc6db1a75e0f8d763e66e3754b03006cbc3854d89f1cb1",
                "sha256:c6414f6aad598364aaf81068cabb077894eb88fed99c6a65e6e8217bab62ae7a",
                "sha256:c710fcb7ee32f67baf25aa9ffede4795fd5d93b163ce95fdc724383e38c9df96",
                "sha256:c7be4b8a09852291c3c48d3c25d1b876d2494a0a674980089ac9d5e0d78bd132",
                "sha256:c9e5ffb910b14f090ac9c38599063e354887a5f6d7e6d26795e916b4514f2c1a",
                "sha256:e0697b826da6c2472bb6488db4c0a7fa8af0d52fa08833ceb3681358914b14e5",
                "sha256:e9a3edd5f714229d41057d56ac0f39ad9bdba6767e8c888c951869f0bdd129b0"
            ],
            "version": "==6.2.1"
        },
        "pydbg": {
            "hashes": [
                "sha256:e7cfc7ab5bcd89bf0eb0ee3e5b428fab8e0172a3a3a9685661b495cbd139d30d"
            ],
            "index": "pypi",
            "version": "==0.3.0"
        },
        "pyglet": {
            "hashes": [
                "sha256:4a8ddb659f812435ff30e3eea30b82bafaf5b215367a8ad113c4ba5eec8358b3",
                "sha256:db64c255ede9b43c04adda3f7a840c20ea266bbf932408b6077fcc73481b5086"
            ],
            "version": "==1.4.0b1"
        },
        "pyglet-ffmpeg": {
            "hashes": [
                "sha256:26351bc9062f6f47b19e12886bf927fa54de0a16d76821e545308761bc85f0da",
                "sha256:92fca5062514859b4f2f7f2e17143d6f84301cca52ba07420cea543deb3ed963",
                "sha256:bf6623d616ad75ce3a744078a243e1350b507b6fd59077b4fa522f188d47cf0a",
                "sha256:deea7fc5da5f0ef0c46ab707a1ef28694ee8949b4573079507c8ca83e8be381c",
                "sha256:fd35e6adca77b2f691785fb34ace97eca18d509ebc064a8d03019d8cce9abe96"
            ],
            "index": "pypi",
            "version": "==0.1.4"
        },
        "vectormath": {
            "hashes": [
                "sha256:18afad14d1614c3b880e764a7a5d5928fd5140617803630a6ca45680c597c8f6"
            ],
            "index": "pypi",
            "version": "==0.2.1"
        }
    },
    "develop": {
        "mypy": {
            "hashes": [
                "sha256:308c274eb8482fbf16006f549137ddc0d69e5a589465e37b99c4564414363ca7",
                "sha256:e80fd6af34614a0e898a57f14296d0dacb584648f0339c2e000ddbf0f4cc2f8d"
            ],
            "index": "pypi",
            "version": "==0.670"
        },
        "mypy-extensions": {
            "hashes": [
                "sha256:090fedd75945a69ae91ce1303b5824f428daf5a028d2f6ab8a299250a846f15d",
                "sha256:2d82818f5bb3e369420cb3c4060a7970edba416647068eb4c5343488a6c604a8"
            ],
            "version": "==0.4.3"
        },
        "profilehooks": {
            "hashes": [
                "sha256:47a3818dfff6a28b27f5ead625fea377e7087cc0b6cc23d301fd0670138212bc",
                "sha256:7d9c966aa7e6cfb8230cc7402858ea58ebd44674bfb591db36fc183293bf9627"
            ],
            "index": "pypi",
            "version": "==1.10.0"
        },
        "typed-ast": {
            "hashes": [
                "sha256:01afc9431f6a3285232915dcbff935937f0271196ed9b52f710bfe6013630554",
                "sha256:1755020d865dd621393d0453a93530e87c091aef7564189b945eee86a34df617",
                "sha256:1d9549f424d59742a4a598a4b23393e2771e32ba8c6ab2655ca186673eacbcc4",
                "sha256:23083f23c44782e6849cb58e8a8c113597fd46120209f34a2a5891384645cc56",
                "sha256:244bc007c2da0750e323657da76dab686327939fe4ff77b23ce49a01b0a85da7",
                "sha256:2c4a37edd1cd2b01aba51c2b92eb5b330cf5789e2484a42dd04a7795695450a2",
                "sha256:6a338cd66cb4cb1f5477d36d363d6fdfe8a552a2b0a485a36f1857ae79a6a0c7",
                "sha256:731f448d6dd9f055d7efd948e497c48d6a5aa681a16703ef1cd1f8023b180db3",
                "sha256:9371921a5fc80e553d4a22fc4509ae543b157215d3a936f8fc649723d66305c2",
                "sha256:9401857bf5eef5c2fe040a6dce5b3b41df7234dfbcb37585ca32aaa49283ab57",
                "sha256:b549870747445aeb6596c7b0be22a127d7e2ff5293be56283ed64dfce8238546",
                "sha256:bc4a61473c78d5f1b67c67f8504b7433d3ef1bc6e1c6a89e7c583ba1c8b9e6ee",
                "sha256:be981e1f1a205721df63e8a3d8f46d18f3fcfa5a5b7394d95d253fff3594e059",
                "sha256:c924149ae964d0379322121868c34c1580cc7054374daac27d97652d69af9973",
                "sha256:c98a849da29147e7160d84011764a23bca8c3c3b4e7568bf172fdf6147d40e25",
                "sha256:cca01d308c725013e555db9413ab4046323e9685f6fa67555f98f08cb4849200",
                "sha256:d13420d91ce835fe3a8fdfd096f0ca71bf5f47761c10ba893d31f99564650e6b",
                "sha256:d4cdcf7d0a37ebde934ec91e691c638c0272a310fbdb31a51757436a5bd58967",
                "sha256:fcfc4869bcd15eb7b90baceb50bfaf1cdfea4a9c2bfa50db17114c6665ca835e"
            ],
            "index": "pypi",
            "version": "==1.3.2"
        }
    }
}
